
Microsoft Visual Studio Solution File, Format Version 12.00
# Visual Studio Version 17
VisualStudioVersion = 17.1.32319.34
MinimumVisualStudioVersion = 10.0.40219.1
Project("{FAE04EC0-301F-11D3-BF4B-00C04F79EFBC}") = "HYS", "HYS.csproj", "{FCC6BC5C-5360-4400-B6E4-A9AD1BAA0822}"
EndProject
Project("{FAE04EC0-301F-11D3-BF4B-00C04F79EFBC}") = "HospitalLibrary", "HospitalLibrary\HospitalLibrary.csproj", "{A69FCD2E-67FE-4CD6-A555-3C6123F22373}"
EndProject
Global
	GlobalSection(SolutionConfigurationPlatforms) = preSolution
		Debug|Any CPU = Debug|Any CPU
		Release|Any CPU = Release|Any CPU
	EndGlobalSection
	GlobalSection(ProjectConfigurationPlatforms) = postSolution
		{FCC6BC5C-5360-4400-B6E4-A9AD1BAA0822}.Debug|Any CPU.ActiveCfg = Debug|Any CPU
		{FCC6BC5C-5360-4400-B6E4-A9AD1BAA0822}.Debug|Any CPU.Build.0 = Debug|Any CPU
		{FCC6BC5C-5360-4400-B6E4-A9AD1BAA0822}.Release|Any CPU.ActiveCfg = Release|Any CPU
		{FCC6BC5C-5360-4400-B6E4-A9AD1BAA0822}.Release|Any CPU.Build.0 = Release|Any CPU
		{A69FCD2E-67FE-4CD6-A555-3C6123F22373}.Debug|Any CPU.ActiveCfg = Debug|Any CPU
		{A69FCD2E-67FE-4CD6-A555-3C6123F22373}.Debug|Any CPU.Build.0 = Debug|Any CPU
		{A69FCD2E-67FE-4CD6-A555-3C6123F22373}.Release|Any CPU.ActiveCfg = Release|Any CPU
		{A69FCD2E-67FE-4CD6-A555-3C6123F22373}.Release|Any CPU.Build.0 = Release|Any CPU
	EndGlobalSection
	GlobalSection(SolutionProperties) = preSolution
		HideSolutionNode = FALSE
	EndGlobalSection
	GlobalSection(ExtensibilityGlobals) = postSolution
		SolutionGuid = {1582BECC-A458-44DB-BF1E-56120D28EAA8}
	EndGlobalSection
EndGlobal
